// !$*UTF8*$!
{
	archiveVersion = 1;
	classes = {
	};
	objectVersion = 50;
	objects = {

/* Begin PBXBuildFile section */
		843FE8CE20A988DE008359E7 /* train.png in Resources */ = {isa = PBXBuildFile; fileRef = 843FE8CD20A988DD008359E7 /* train.png */; };
		843FE8D020A9954E008359E7 /* アセット 1.png in Resources */ = {isa = PBXBuildFile; fileRef = 843FE8CF20A9954D008359E7 /* アセット 1.png */; };
		84417D622089F4A100BB3513 /* ViewController.swift in Sources */ = {isa = PBXBuildFile; fileRef = 84417D612089F4A100BB3513 /* ViewController.swift */; };
		84417D652089F4A100BB3513 /* Main.storyboard in Resources */ = {isa = PBXBuildFile; fileRef = 84417D632089F4A100BB3513 /* Main.storyboard */; };
		84417D672089F4A400BB3513 /* Assets.xcassets in Resources */ = {isa = PBXBuildFile; fileRef = 84417D662089F4A400BB3513 /* Assets.xcassets */; };
		84417D6A2089F4A400BB3513 /* LaunchScreen.storyboard in Resources */ = {isa = PBXBuildFile; fileRef = 84417D682089F4A400BB3513 /* LaunchScreen.storyboard */; };
		84417D752089F4A400BB3513 /* kamakuraMapTests.swift in Sources */ = {isa = PBXBuildFile; fileRef = 84417D742089F4A400BB3513 /* kamakuraMapTests.swift */; };
		84417D802089F4A400BB3513 /* kamakuraMapUITests.swift in Sources */ = {isa = PBXBuildFile; fileRef = 84417D7F2089F4A400BB3513 /* kamakuraMapUITests.swift */; };
		84417D8F2089F53200BB3513 /* MapKit.framework in Frameworks */ = {isa = PBXBuildFile; fileRef = 84417D8E2089F53200BB3513 /* MapKit.framework */; };
		84417D95208D90EB00BB3513 /* ipaexm.ttf in Resources */ = {isa = PBXBuildFile; fileRef = 84417D91208D90EA00BB3513 /* ipaexm.ttf */; };
		84417D96208D90EB00BB3513 /* ipaexg.ttf in Resources */ = {isa = PBXBuildFile; fileRef = 84417D92208D90EA00BB3513 /* ipaexg.ttf */; };
		84417D97208D90EB00BB3513 /* Readme_IPAexfont00301.txt in Resources */ = {isa = PBXBuildFile; fileRef = 84417D93208D90EA00BB3513 /* Readme_IPAexfont00301.txt */; };
		84417D98208D90EB00BB3513 /* IPA_Font_License_Agreement_v1.0.txt in Resources */ = {isa = PBXBuildFile; fileRef = 84417D94208D90EA00BB3513 /* IPA_Font_License_Agreement_v1.0.txt */; };
		84417DA62090B3DA00BB3513 /* daibutu.gazou.png in Resources */ = {isa = PBXBuildFile; fileRef = 84417DA52090B3DA00BB3513 /* daibutu.gazou.png */; };
		8499F83E20941728000BA1BA /* MapViewController.swift in Sources */ = {isa = PBXBuildFile; fileRef = 8499F83D20941728000BA1BA /* MapViewController.swift */; };
		8499F84020942E2A000BA1BA /* SecondViewController.swift in Sources */ = {isa = PBXBuildFile; fileRef = 8499F83F20942E2A000BA1BA /* SecondViewController.swift */; };
		8499F8492094AD6E000BA1BA /* AppDelegate.swift in Sources */ = {isa = PBXBuildFile; fileRef = 8499F8482094AD6D000BA1BA /* AppDelegate.swift */; };
		8499F85120A5A2F5000BA1BA /* icon.png in Resources */ = {isa = PBXBuildFile; fileRef = 8499F85020A5A2F5000BA1BA /* icon.png */; };
		8499F85320A5B9E3000BA1BA /* Storyboard.storyboard in Resources */ = {isa = PBXBuildFile; fileRef = 8499F85220A5B9E3000BA1BA /* Storyboard.storyboard */; };
		8499F85520A6333F000BA1BA /* icon_118490_256-2.png in Resources */ = {isa = PBXBuildFile; fileRef = 8499F85420A6333E000BA1BA /* icon_118490_256-2.png */; };
		8499F85720A63345000BA1BA /* icon_153250_256-2.png in Resources */ = {isa = PBXBuildFile; fileRef = 8499F85620A63344000BA1BA /* icon_153250_256-2.png */; };
/* End PBXBuildFile section */

/* Begin PBXContainerItemProxy section */
		84417D712089F4A400BB3513 /* PBXContainerItemProxy */ = {
			isa = PBXContainerItemProxy;
			containerPortal = 84417D542089F4A100BB3513 /* Project object */;
			proxyType = 1;
			remoteGlobalIDString = 84417D5B2089F4A100BB3513;
			remoteInfo = kamakuraMap;
		};
		84417D7C2089F4A400BB3513 /* PBXContainerItemProxy */ = {
			isa = PBXContainerItemProxy;
			containerPortal = 84417D542089F4A100BB3513 /* Project object */;
			proxyType = 1;
			remoteGlobalIDString = 84417D5B2089F4A100BB3513;
			remoteInfo = kamakuraMap;
		};
/* End PBXContainerItemProxy section */

/* Begin PBXFileReference section */
		843FE8CD20A988DD008359E7 /* train.png */ = {isa = PBXFileReference; lastKnownFileType = image.png; path = train.png; sourceTree = "<group>"; };
		843FE8CF20A9954D008359E7 /* アセット 1.png */ = {isa = PBXFileReference; lastKnownFileType = image.png; path = "アセット 1.png"; sourceTree = "<group>"; };
		84417D5C2089F4A100BB3513 /* kamakuraMap.app */ = {isa = PBXFileReference; explicitFileType = wrapper.application; includeInIndex = 0; path = kamakuraMap.app; sourceTree = BUILT_PRODUCTS_DIR; };
		84417D612089F4A100BB3513 /* ViewController.swift */ = {isa = PBXFileReference; lastKnownFileType = sourcecode.swift; path = ViewController.swift; sourceTree = "<group>"; };
		84417D642089F4A100BB3513 /* Base */ = {isa = PBXFileReference; lastKnownFileType = file.storyboard; name = Base; path = Base.lproj/Main.storyboard; sourceTree = "<group>"; };
		84417D662089F4A400BB3513 /* Assets.xcassets */ = {isa = PBXFileReference; lastKnownFileType = folder.assetcatalog; path = Assets.xcassets; sourceTree = "<group>"; };
		84417D692089F4A400BB3513 /* Base */ = {isa = PBXFileReference; lastKnownFileType = file.storyboard; name = Base; path = Base.lproj/LaunchScreen.storyboard; sourceTree = "<group>"; };
		84417D6B2089F4A400BB3513 /* Info.plist */ = {isa = PBXFileReference; lastKnownFileType = text.plist.xml; path = Info.plist; sourceTree = "<group>"; };
		84417D702089F4A400BB3513 /* kamakuraMapTests.xctest */ = {isa = PBXFileReference; explicitFileType = wrapper.cfbundle; includeInIndex = 0; path = kamakuraMapTests.xctest; sourceTree = BUILT_PRODUCTS_DIR; };
		84417D742089F4A400BB3513 /* kamakuraMapTests.swift */ = {isa = PBXFileReference; lastKnownFileType = sourcecode.swift; path = kamakuraMapTests.swift; sourceTree = "<group>"; };
		84417D762089F4A400BB3513 /* Info.plist */ = {isa = PBXFileReference; lastKnownFileType = text.plist.xml; path = Info.plist; sourceTree = "<group>"; };
		84417D7B2089F4A400BB3513 /* kamakuraMapUITests.xctest */ = {isa = PBXFileReference; explicitFileType = wrapper.cfbundle; includeInIndex = 0; path = kamakuraMapUITests.xctest; sourceTree = BUILT_PRODUCTS_DIR; };
		84417D7F2089F4A400BB3513 /* kamakuraMapUITests.swift */ = {isa = PBXFileReference; lastKnownFileType = sourcecode.swift; path = kamakuraMapUITests.swift; sourceTree = "<group>"; };
		84417D812089F4A400BB3513 /* Info.plist */ = {isa = PBXFileReference; lastKnownFileType = text.plist.xml; path = Info.plist; sourceTree = "<group>"; };
		84417D8E2089F53200BB3513 /* MapKit.framework */ = {isa = PBXFileReference; lastKnownFileType = wrapper.framework; name = MapKit.framework; path = System/Library/Frameworks/MapKit.framework; sourceTree = SDKROOT; };
		84417D91208D90EA00BB3513 /* ipaexm.ttf */ = {isa = PBXFileReference; lastKnownFileType = file; path = ipaexm.ttf; sourceTree = "<group>"; };
		84417D92208D90EA00BB3513 /* ipaexg.ttf */ = {isa = PBXFileReference; lastKnownFileType = file; path = ipaexg.ttf; sourceTree = "<group>"; };
		84417D93208D90EA00BB3513 /* Readme_IPAexfont00301.txt */ = {isa = PBXFileReference; fileEncoding = 4; lastKnownFileType = text; path = Readme_IPAexfont00301.txt; sourceTree = "<group>"; };
		84417D94208D90EA00BB3513 /* IPA_Font_License_Agreement_v1.0.txt */ = {isa = PBXFileReference; fileEncoding = 4; lastKnownFileType = text; path = IPA_Font_License_Agreement_v1.0.txt; sourceTree = "<group>"; };
		84417DA52090B3DA00BB3513 /* daibutu.gazou.png */ = {isa = PBXFileReference; lastKnownFileType = image.png; path = daibutu.gazou.png; sourceTree = "<group>"; };
		8499F83D20941728000BA1BA /* MapViewController.swift */ = {isa = PBXFileReference; lastKnownFileType = sourcecode.swift; path = MapViewController.swift; sourceTree = "<group>"; };
		8499F83F20942E2A000BA1BA /* SecondViewController.swift */ = {isa = PBXFileReference; lastKnownFileType = sourcecode.swift; path = SecondViewController.swift; sourceTree = "<group>"; };
		8499F843209442A7000BA1BA /* Mutsuki.ttf */ = {isa = PBXFileReference; lastKnownFileType = file; path = Mutsuki.ttf; sourceTree = "<group>"; };
		8499F8482094AD6D000BA1BA /* AppDelegate.swift */ = {isa = PBXFileReference; fileEncoding = 4; lastKnownFileType = sourcecode.swift; path = AppDelegate.swift; sourceTree = "<group>"; };
		8499F85020A5A2F5000BA1BA /* icon.png */ = {isa = PBXFileReference; lastKnownFileType = image.png; path = icon.png; sourceTree = "<group>"; };
		8499F85220A5B9E3000BA1BA /* Storyboard.storyboard */ = {isa = PBXFileReference; lastKnownFileType = file.storyboard; path = Storyboard.storyboard; sourceTree = "<group>"; };
		8499F85420A6333E000BA1BA /* icon_118490_256-2.png */ = {isa = PBXFileReference; lastKnownFileType = image.png; path = "icon_118490_256-2.png"; sourceTree = "<group>"; };
		8499F85620A63344000BA1BA /* icon_153250_256-2.png */ = {isa = PBXFileReference; lastKnownFileType = image.png; path = "icon_153250_256-2.png"; sourceTree = "<group>"; };
/* End PBXFileReference section */

/* Begin PBXFrameworksBuildPhase section */
		84417D592089F4A100BB3513 /* Frameworks */ = {
			isa = PBXFrameworksBuildPhase;
			buildActionMask = 2147483647;
			files = (
				84417D8F2089F53200BB3513 /* MapKit.framework in Frameworks */,
			);
			runOnlyForDeploymentPostprocessing = 0;
		};
		84417D6D2089F4A400BB3513 /* Frameworks */ = {
			isa = PBXFrameworksBuildPhase;
			buildActionMask = 2147483647;
			files = (
			);
			runOnlyForDeploymentPostprocessing = 0;
		};
		84417D782089F4A400BB3513 /* Frameworks */ = {
			isa = PBXFrameworksBuildPhase;
			buildActionMask = 2147483647;
			files = (
			);
			runOnlyForDeploymentPostprocessing = 0;
		};
/* End PBXFrameworksBuildPhase section */

/* Begin PBXGroup section */
		84417D532089F4A100BB3513 = {
			isa = PBXGroup;
			children = (
				8499F85220A5B9E3000BA1BA /* Storyboard.storyboard */,
				84417D5E2089F4A100BB3513 /* kamakuraMap */,
				84417D732089F4A400BB3513 /* kamakuraMapTests */,
				84417D7E2089F4A400BB3513 /* kamakuraMapUITests */,
				84417D5D2089F4A100BB3513 /* Products */,
				84417D8D2089F53200BB3513 /* Frameworks */,
			);
			sourceTree = "<group>";
		};
		84417D5D2089F4A100BB3513 /* Products */ = {
			isa = PBXGroup;
			children = (
				84417D5C2089F4A100BB3513 /* kamakuraMap.app */,
				84417D702089F4A400BB3513 /* kamakuraMapTests.xctest */,
				84417D7B2089F4A400BB3513 /* kamakuraMapUITests.xctest */,
			);
			name = Products;
			sourceTree = "<group>";
		};
		84417D5E2089F4A100BB3513 /* kamakuraMap */ = {
			isa = PBXGroup;
			children = (
				843FE8CF20A9954D008359E7 /* アセット 1.png */,
				843FE8CD20A988DD008359E7 /* train.png */,
				8499F85620A63344000BA1BA /* icon_153250_256-2.png */,
				8499F85420A6333E000BA1BA /* icon_118490_256-2.png */,
				8499F85020A5A2F5000BA1BA /* icon.png */,
				84417D90208D90EA00BB3513 /* IPAexfont00301 */,
				8499F8482094AD6D000BA1BA /* AppDelegate.swift */,
				84417D632089F4A100BB3513 /* Main.storyboard */,
				8499F843209442A7000BA1BA /* Mutsuki.ttf */,
				84417D612089F4A100BB3513 /* ViewController.swift */,
				8499F83F20942E2A000BA1BA /* SecondViewController.swift */,
				8499F83D20941728000BA1BA /* MapViewController.swift */,
				84417D662089F4A400BB3513 /* Assets.xcassets */,
				84417D682089F4A400BB3513 /* LaunchScreen.storyboard */,
				84417D6B2089F4A400BB3513 /* Info.plist */,
			);
			path = kamakuraMap;
			sourceTree = "<group>";
		};
		84417D732089F4A400BB3513 /* kamakuraMapTests */ = {
			isa = PBXGroup;
			children = (
				84417D762089F4A400BB3513 /* Info.plist */,
				84417D742089F4A400BB3513 /* kamakuraMapTests.swift */,
			);
			path = kamakuraMapTests;
			sourceTree = "<group>";
		};
		84417D7E2089F4A400BB3513 /* kamakuraMapUITests */ = {
			isa = PBXGroup;
			children = (
				84417D7F2089F4A400BB3513 /* kamakuraMapUITests.swift */,
				84417D812089F4A400BB3513 /* Info.plist */,
			);
			path = kamakuraMapUITests;
			sourceTree = "<group>";
		};
		84417D8D2089F53200BB3513 /* Frameworks */ = {
			isa = PBXGroup;
			children = (
				84417D8E2089F53200BB3513 /* MapKit.framework */,
			);
			name = Frameworks;
			sourceTree = "<group>";
		};
		84417D90208D90EA00BB3513 /* IPAexfont00301 */ = {
			isa = PBXGroup;
			children = (
				84417DA52090B3DA00BB3513 /* daibutu.gazou.png */,
				84417D91208D90EA00BB3513 /* ipaexm.ttf */,
				84417D92208D90EA00BB3513 /* ipaexg.ttf */,
				84417D93208D90EA00BB3513 /* Readme_IPAexfont00301.txt */,
				84417D94208D90EA00BB3513 /* IPA_Font_License_Agreement_v1.0.txt */,
			);
			path = IPAexfont00301;
			sourceTree = "<group>";
		};
/* End PBXGroup section */

/* Begin PBXNativeTarget section */
		84417D5B2089F4A100BB3513 /* kamakuraMap */ = {
			isa = PBXNativeTarget;
			buildConfigurationList = 84417D842089F4A400BB3513 /* Build configuration list for PBXNativeTarget "kamakuraMap" */;
			buildPhases = (
				84417D582089F4A100BB3513 /* Sources */,
				84417D592089F4A100BB3513 /* Frameworks */,
				84417D5A2089F4A100BB3513 /* Resources */,
			);
			buildRules = (
			);
			dependencies = (
			);
			name = kamakuraMap;
			productName = kamakuraMap;
			productReference = 84417D5C2089F4A100BB3513 /* kamakuraMap.app */;
			productType = "com.apple.product-type.application";
		};
		84417D6F2089F4A400BB3513 /* kamakuraMapTests */ = {
			isa = PBXNativeTarget;
			buildConfigurationList = 84417D872089F4A400BB3513 /* Build configuration list for PBXNativeTarget "kamakuraMapTests" */;
			buildPhases = (
				84417D6C2089F4A400BB3513 /* Sources */,
				84417D6D2089F4A400BB3513 /* Frameworks */,
				84417D6E2089F4A400BB3513 /* Resources */,
			);
			buildRules = (
			);
			dependencies = (
				84417D722089F4A400BB3513 /* PBXTargetDependency */,
			);
			name = kamakuraMapTests;
			productName = kamakuraMapTests;
			productReference = 84417D702089F4A400BB3513 /* kamakuraMapTests.xctest */;
			productType = "com.apple.product-type.bundle.unit-test";
		};
		84417D7A2089F4A400BB3513 /* kamakuraMapUITests */ = {
			isa = PBXNativeTarget;
			buildConfigurationList = 84417D8A2089F4A400BB3513 /* Build configuration list for PBXNativeTarget "kamakuraMapUITests" */;
			buildPhases = (
				84417D772089F4A400BB3513 /* Sources */,
				84417D782089F4A400BB3513 /* Frameworks */,
				84417D792089F4A400BB3513 /* Resources */,
			);
			buildRules = (
			);
			dependencies = (
				84417D7D2089F4A400BB3513 /* PBXTargetDependency */,
			);
			name = kamakuraMapUITests;
			productName = kamakuraMapUITests;
			productReference = 84417D7B2089F4A400BB3513 /* kamakuraMapUITests.xctest */;
			productType = "com.apple.product-type.bundle.ui-testing";
		};
/* End PBXNativeTarget section */

/* Begin PBXProject section */
		84417D542089F4A100BB3513 /* Project object */ = {
			isa = PBXProject;
			attributes = {
				LastSwiftUpdateCheck = 0930;
				LastUpgradeCheck = 0930;
				ORGANIZATIONNAME = "Yoshiki Kishimoto";
				TargetAttributes = {
					84417D5B2089F4A100BB3513 = {
						CreatedOnToolsVersion = 9.3;
						SystemCapabilities = {
							com.apple.Maps.iOS = {
								enabled = 1;
							};
						};
					};
					84417D6F2089F4A400BB3513 = {
						CreatedOnToolsVersion = 9.3;
						TestTargetID = 84417D5B2089F4A100BB3513;
					};
					84417D7A2089F4A400BB3513 = {
						CreatedOnToolsVersion = 9.3;
						TestTargetID = 84417D5B2089F4A100BB3513;
					};
				};
			};
			buildConfigurationList = 84417D572089F4A100BB3513 /* Build configuration list for PBXProject "kamakuraMap" */;
			compatibilityVersion = "Xcode 9.3";
			developmentRegion = en;
			hasScannedForEncodings = 0;
			knownRegions = (
				en,
				Base,
			);
			mainGroup = 84417D532089F4A100BB3513;
			productRefGroup = 84417D5D2089F4A100BB3513 /* Products */;
			projectDirPath = "";
			projectRoot = "";
			targets = (
				84417D5B2089F4A100BB3513 /* kamakuraMap */,
				84417D6F2089F4A400BB3513 /* kamakuraMapTests */,
				84417D7A2089F4A400BB3513 /* kamakuraMapUITests */,
			);
		};
/* End PBXProject section */

/* Begin PBXResourcesBuildPhase section */
		84417D5A2089F4A100BB3513 /* Resources */ = {
			isa = PBXResourcesBuildPhase;
			buildActionMask = 2147483647;
			files = (
				84417D6A2089F4A400BB3513 /* LaunchScreen.storyboard in Resources */,
				84417D672089F4A400BB3513 /* Assets.xcassets in Resources */,
				843FE8CE20A988DE008359E7 /* train.png in Resources */,
				8499F85120A5A2F5000BA1BA /* icon.png in Resources */,
				84417D98208D90EB00BB3513 /* IPA_Font_License_Agreement_v1.0.txt in Resources */,
				84417D96208D90EB00BB3513 /* ipaexg.ttf in Resources */,
				84417D95208D90EB00BB3513 /* ipaexm.ttf in Resources */,
				8499F85520A6333F000BA1BA /* icon_118490_256-2.png in Resources */,
				8499F85720A63345000BA1BA /* icon_153250_256-2.png in Resources */,
				84417D97208D90EB00BB3513 /* Readme_IPAexfont00301.txt in Resources */,
				843FE8D020A9954E008359E7 /* アセット 1.png in Resources */,
				84417DA62090B3DA00BB3513 /* daibutu.gazou.png in Resources */,
				84417D652089F4A100BB3513 /* Main.storyboard in Resources */,
				8499F85320A5B9E3000BA1BA /* Storyboard.storyboard in Resources */,
			);
			runOnlyForDeploymentPostprocessing = 0;
		};
		84417D6E2089F4A400BB3513 /* Resources */ = {
			isa = PBXResourcesBuildPhase;
			buildActionMask = 2147483647;
			files = (
			);
			runOnlyForDeploymentPostprocessing = 0;
		};
		84417D792089F4A400BB3513 /* Resources */ = {
			isa = PBXResourcesBuildPhase;
			buildActionMask = 2147483647;
			files = (
			);
			runOnlyForDeploymentPostprocessing = 0;
		};
/* End PBXResourcesBuildPhase section */

/* Begin PBXSourcesBuildPhase section */
		84417D582089F4A100BB3513 /* Sources */ = {
			isa = PBXSourcesBuildPhase;
			buildActionMask = 2147483647;
			files = (
				8499F84020942E2A000BA1BA /* SecondViewController.swift in Sources */,
				84417D622089F4A100BB3513 /* ViewController.swift in Sources */,
				8499F83E20941728000BA1BA /* MapViewController.swift in Sources */,
				8499F8492094AD6E000BA1BA /* AppDelegate.swift in Sources */,
			);
			runOnlyForDeploymentPostprocessing = 0;
		};
		84417D6C2089F4A400BB3513 /* Sources */ = {
			isa = PBXSourcesBuildPhase;
			buildActionMask = 2147483647;
			files = (
				84417D752089F4A400BB3513 /* kamakuraMapTests.swift in Sources */,
			);
			runOnlyForDeploymentPostprocessing = 0;
		};
		84417D772089F4A400BB3513 /* Sources */ = {
			isa = PBXSourcesBuildPhase;
			buildActionMask = 2147483647;
			files = (
				84417D802089F4A400BB3513 /* kamakuraMapUITests.swift in Sources */,
			);
			runOnlyForDeploymentPostprocessing = 0;
		};
/* End PBXSourcesBuildPhase section */

/* Begin PBXTargetDependency section */
		84417D722089F4A400BB3513 /* PBXTargetDependency */ = {
			isa = PBXTargetDependency;
			target = 84417D5B2089F4A100BB3513 /* kamakuraMap */;
			targetProxy = 84417D712089F4A400BB3513 /* PBXContainerItemProxy */;
		};
		84417D7D2089F4A400BB3513 /* PBXTargetDependency */ = {
			isa = PBXTargetDependency;
			target = 84417D5B2089F4A100BB3513 /* kamakuraMap */;
			targetProxy = 84417D7C2089F4A400BB3513 /* PBXContainerItemProxy */;
		};
/* End PBXTargetDependency section */

/* Begin PBXVariantGroup section */
		84417D632089F4A100BB3513 /* Main.storyboard */ = {
			isa = PBXVariantGroup;
			children = (
				84417D642089F4A100BB3513 /* Base */,
			);
			name = Main.storyboard;
			sourceTree = "<group>";
		};
		84417D682089F4A400BB3513 /* LaunchScreen.storyboard */ = {
			isa = PBXVariantGroup;
			children = (
				84417D692089F4A400BB3513 /* Base */,
			);
			name = LaunchScreen.storyboard;
			sourceTree = "<group>";
		};
/* End PBXVariantGroup section */

/* Begin XCBuildConfiguration section */
		84417D822089F4A400BB3513 /* Debug */ = {
			isa = XCBuildConfiguration;
			buildSettings = {
				ALWAYS_SEARCH_USER_PATHS = NO;
				CLANG_ANALYZER_NONNULL = YES;
				CLANG_ANALYZER_NUMBER_OBJECT_CONVERSION = YES_AGGRESSIVE;
				CLANG_CXX_LANGUAGE_STANDARD = "gnu++14";
				CLANG_CXX_LIBRARY = "libc++";
				CLANG_ENABLE_MODULES = YES;
				CLANG_ENABLE_OBJC_ARC = YES;
				CLANG_ENABLE_OBJC_WEAK = YES;
				CLANG_WARN_BLOCK_CAPTURE_AUTORELEASING = YES;
				CLANG_WARN_BOOL_CONVERSION = YES;
				CLANG_WARN_COMMA = YES;
				CLANG_WARN_CONSTANT_CONVERSION = YES;
				CLANG_WARN_DEPRECATED_OBJC_IMPLEMENTATIONS = YES;
				CLANG_WARN_DIRECT_OBJC_ISA_USAGE = YES_ERROR;
				CLANG_WARN_DOCUMENTATION_COMMENTS = YES;
				CLANG_WARN_EMPTY_BODY = YES;
				CLANG_WARN_ENUM_CONVERSION = YES;
				CLANG_WARN_INFINITE_RECURSION = YES;
				CLANG_WARN_INT_CONVERSION = YES;
				CLANG_WARN_NON_LITERAL_NULL_CONVERSION = YES;
				CLANG_WARN_OBJC_IMPLICIT_RETAIN_SELF = YES;
				CLANG_WARN_OBJC_LITERAL_CONVERSION = YES;
				CLANG_WARN_OBJC_ROOT_CLASS = YES_ERROR;
				CLANG_WARN_RANGE_LOOP_ANALYSIS = YES;
				CLANG_WARN_STRICT_PROTOTYPES = YES;
				CLANG_WARN_SUSPICIOUS_MOVE = YES;
				CLANG_WARN_UNGUARDED_AVAILABILITY = YES_AGGRESSIVE;
				CLANG_WARN_UNREACHABLE_CODE = YES;
				CLANG_WARN__DUPLICATE_METHOD_MATCH = YES;
				CODE_SIGN_IDENTITY = "iPhone Developer";
				COPY_PHASE_STRIP = NO;
				DEBUG_INFORMATION_FORMAT = dwarf;
				ENABLE_STRICT_OBJC_MSGSEND = YES;
				ENABLE_TESTABILITY = YES;
				GCC_C_LANGUAGE_STANDARD = gnu11;
				GCC_DYNAMIC_NO_PIC = NO;
				GCC_NO_COMMON_BLOCKS = YES;
				GCC_OPTIMIZATION_LEVEL = 0;
				GCC_PREPROCESSOR_DEFINITIONS = (
					"DEBUG=1",
					"$(inherited)",
				);
				GCC_WARN_64_TO_32_BIT_CONVERSION = YES;
				GCC_WARN_ABOUT_RETURN_TYPE = YES_ERROR;
				GCC_WARN_UNDECLARED_SELECTOR = YES;
				GCC_WARN_UNINITIALIZED_AUTOS = YES_AGGRESSIVE;
				GCC_WARN_UNUSED_FUNCTION = YES;
				GCC_WARN_UNUSED_VARIABLE = YES;
				IPHONEOS_DEPLOYMENT_TARGET = 11.3;
				MTL_ENABLE_DEBUG_INFO = YES;
				ONLY_ACTIVE_ARCH = YES;
				SDKROOT = iphoneos;
				SWIFT_ACTIVE_COMPILATION_CONDITIONS = DEBUG;
				SWIFT_OPTIMIZATION_LEVEL = "-Onone";
			};
			name = Debug;
		};
		84417D832089F4A400BB3513 /* Release */ = {
			isa = XCBuildConfiguration;
			buildSettings = {
				ALWAYS_SEARCH_USER_PATHS = NO;
				CLANG_ANALYZER_NONNULL = YES;
				CLANG_ANALYZER_NUMBER_OBJECT_CONVERSION = YES_AGGRESSIVE;
				CLANG_CXX_LANGUAGE_STANDARD = "gnu++14";
				CLANG_CXX_LIBRARY = "libc++";
				CLANG_ENABLE_MODULES = YES;
				CLANG_ENABLE_OBJC_ARC = YES;
				CLANG_ENABLE_OBJC_WEAK = YES;
				CLANG_WARN_BLOCK_CAPTURE_AUTORELEASING = YES;
				CLANG_WARN_BOOL_CONVERSION = YES;
				CLANG_WARN_COMMA = YES;
				CLANG_WARN_CONSTANT_CONVERSION = YES;
				CLANG_WARN_DEPRECATED_OBJC_IMPLEMENTATIONS = YES;
				CLANG_WARN_DIRECT_OBJC_ISA_USAGE = YES_ERROR;
				CLANG_WARN_DOCUMENTATION_COMMENTS = YES;
				CLANG_WARN_EMPTY_BODY = YES;
				CLANG_WARN_ENUM_CONVERSION = YES;
				CLANG_WARN_INFINITE_RECURSION = YES;
				CLANG_WARN_INT_CONVERSION = YES;
				CLANG_WARN_NON_LITERAL_NULL_CONVERSION = YES;
				CLANG_WARN_OBJC_IMPLICIT_RETAIN_SELF = YES;
				CLANG_WARN_OBJC_LITERAL_CONVERSION = YES;
				CLANG_WARN_OBJC_ROOT_CLASS = YES_ERROR;
				CLANG_WARN_RANGE_LOOP_ANALYSIS = YES;
				CLANG_WARN_STRICT_PROTOTYPES = YES;
				CLANG_WARN_SUSPICIOUS_MOVE = YES;
				CLANG_WARN_UNGUARDED_AVAILABILITY = YES_AGGRESSIVE;
				CLANG_WARN_UNREACHABLE_CODE = YES;
				CLANG_WARN__DUPLICATE_METHOD_MATCH = YES;
				CODE_SIGN_IDENTITY = "iPhone Developer";
				COPY_PHASE_STRIP = NO;
				DEBUG_INFORMATION_FORMAT = "dwarf-with-dsym";
				ENABLE_NS_ASSERTIONS = NO;
				ENABLE_STRICT_OBJC_MSGSEND = YES;
				GCC_C_LANGUAGE_STANDARD = gnu11;
				GCC_NO_COMMON_BLOCKS = YES;
				GCC_WARN_64_TO_32_BIT_CONVERSION = YES;
				GCC_WARN_ABOUT_RETURN_TYPE = YES_ERROR;
				GCC_WARN_UNDECLARED_SELECTOR = YES;
				GCC_WARN_UNINITIALIZED_AUTOS = YES_AGGRESSIVE;
				GCC_WARN_UNUSED_FUNCTION = YES;
				GCC_WARN_UNUSED_VARIABLE = YES;
				IPHONEOS_DEPLOYMENT_TARGET = 11.3;
				MTL_ENABLE_DEBUG_INFO = NO;
				SDKROOT = iphoneos;
				SWIFT_COMPILATION_MODE = wholemodule;
				SWIFT_OPTIMIZATION_LEVEL = "-O";
				VALIDATE_PRODUCT = YES;
			};
			name = Release;
		};
		84417D852089F4A400BB3513 /* Debug */ = {
			isa = XCBuildConfiguration;
			buildSettings = {
				ASSETCATALOG_COMPILER_APPICON_NAME = AppIcon;
				CODE_SIGN_STYLE = Automatic;
				DEVELOPMENT_TEAM = S8D799H7U9;
				INFOPLIST_FILE = kamakuraMap/Info.plist;
				LD_RUNPATH_SEARCH_PATHS = (
					"$(inherited)",
					"@executable_path/Frameworks",
				);
				PRODUCT_BUNDLE_IDENTIFIER = jp.co.lifeistech.kamakura;
				PRODUCT_NAME = "$(TARGET_NAME)";
				SWIFT_VERSION = 4.0;
				TARGETED_DEVICE_FAMILY = 1;
			};
			name = Debug;
		};
		84417D862089F4A400BB3513 /* Release */ = {
			isa = XCBuildConfiguration;
			buildSettings = {
				ASSETCATALOG_COMPILER_APPICON_NAME = AppIcon;
				CODE_SIGN_STYLE = Automatic;
				DEVELOPMENT_TEAM = S8D799H7U9;
				INFOPLIST_FILE = kamakuraMap/Info.plist;
				LD_RUNPATH_SEARCH_PATHS = (
					"$(inherited)",
					"@executable_path/Frameworks",
				);
				PRODUCT_BUNDLE_IDENTIFIER = jp.co.lifeistech.kamakura;
				PRODUCT_NAME = "$(TARGET_NAME)";
				SWIFT_VERSION = 4.0;
				TARGETED_DEVICE_FAMILY = 1;
			};
			name = Release;
		};
		84417D882089F4A400BB3513 /* Debug */ = {
			isa = XCBuildConfiguration;
			buildSettings = {
				ALWAYS_EMBED_SWIFT_STANDARD_LIBRARIES = YES;
				BUNDLE_LOADER = "$(TEST_HOST)";
				CODE_SIGN_STYLE = Automatic;
				DEVELOPMENT_TEAM = S8D799H7U9;
				INFOPLIST_FILE = kamakuraMapTests/Info.plist;
				LD_RUNPATH_SEARCH_PATHS = (
					"$(inherited)",
					"@executable_path/Frameworks",
					"@loader_path/Frameworks",
				);
				PRODUCT_BUNDLE_IDENTIFIER = com.yoshiki.kamakuraMapTests;
				PRODUCT_NAME = "$(TARGET_NAME)";
				SWIFT_VERSION = 4.0;
				TARGETED_DEVICE_FAMILY = "1,2";
				TEST_HOST = "$(BUILT_PRODUCTS_DIR)/kamakuraMap.app/kamakuraMap";
			};
			name = Debug;
		};
		84417D892089F4A400BB3513 /* Release */ = {
			isa = XCBuildConfiguration;
			buildSettings = {
				ALWAYS_EMBED_SWIFT_STANDARD_LIBRARIES = YES;
				BUNDLE_LOADER = "$(TEST_HOST)";
				CODE_SIGN_STYLE = Automatic;
				DEVELOPMENT_TEAM = S8D799H7U9;
				INFOPLIST_FILE = kamakuraMapTests/Info.plist;
				LD_RUNPATH_SEARCH_PATHS = (
					"$(inherited)",
					"@executable_path/Frameworks",
					"@loader_path/Frameworks",
				);
				PRODUCT_BUNDLE_IDENTIFIER = com.yoshiki.kamakuraMapTests;
				PRODUCT_NAME = "$(TARGET_NAME)";
				SWIFT_VERSION = 4.0;
				TARGETED_DEVICE_FAMILY = "1,2";
				TEST_HOST = "$(BUILT_PRODUCTS_DIR)/kamakuraMap.app/kamakuraMap";
			};
			name = Release;
		};
		84417D8B2089F4A400BB3513 /* Debug */ = {
			isa = XCBuildConfiguration;
			buildSettings = {
				ALWAYS_EMBED_SWIFT_STANDARD_LIBRARIES = YES;
				CODE_SIGN_STYLE = Automatic;
				DEVELOPMENT_TEAM = S8D799H7U9;
				INFOPLIST_FILE = kamakuraMapUITests/Info.plist;
				LD_RUNPATH_SEARCH_PATHS = (
					"$(inherited)",
					"@executable_path/Frameworks",
					"@loader_path/Frameworks",
				);
				PRODUCT_BUNDLE_IDENTIFIER = com.yoshiki.kamakuraMapUITests;
				PRODUCT_NAME = "$(TARGET_NAME)";
				SWIFT_VERSION = 4.0;
				TARGETED_DEVICE_FAMILY = "1,2";
				TEST_TARGET_NAME = kamakuraMap;
			};
			name = Debug;
		};
		84417D8C2089F4A400BB3513 /* Release */ = {
			isa = XCBuildConfiguration;
			buildSettings = {
				ALWAYS_EMBED_SWIFT_STANDARD_LIBRARIES = YES;
				CODE_SIGN_STYLE = Automatic;
				DEVELOPMENT_TEAM = S8D799H7U9;
				INFOPLIST_FILE = kamakuraMapUITests/Info.plist;
				LD_RUNPATH_SEARCH_PATHS = (
					"$(inherited)",
					"@executable_path/Frameworks",
					"@loader_path/Frameworks",
				);
				PRODUCT_BUNDLE_IDENTIFIER = com.yoshiki.kamakuraMapUITests;
				PRODUCT_NAME = "$(TARGET_NAME)";
				SWIFT_VERSION = 4.0;
				TARGETED_DEVICE_FAMILY = "1,2";
				TEST_TARGET_NAME = kamakuraMap;
			};
			name = Release;
		};
/* End XCBuildConfiguration section */

/* Begin XCConfigurationList section */
		84417D572089F4A100BB3513 /* Build configuration list for PBXProject "kamakuraMap" */ = {
			isa = XCConfigurationList;
			buildConfigurations = (
				84417D822089F4A400BB3513 /* Debug */,
				84417D832089F4A400BB3513 /* Release */,
			);
			defaultConfigurationIsVisible = 0;
			defaultConfigurationName = Release;
		};
		84417D842089F4A400BB3513 /* Build configuration list for PBXNativeTarget "kamakuraMap" */ = {
			isa = XCConfigurationList;
			buildConfigurations = (
				84417D852089F4A400BB3513 /* Debug */,
				84417D862089F4A400BB3513 /* Release */,
			);
			defaultConfigurationIsVisible = 0;
			defaultConfigurationName = Release;
		};
		84417D872089F4A400BB3513 /* Build configuration list for PBXNativeTarget "kamakuraMapTests" */ = {
			isa = XCConfigurationList;
			buildConfigurations = (
				84417D882089F4A400BB3513 /* Debug */,
				84417D892089F4A400BB3513 /* Release */,
			);
			defaultConfigurationIsVisible = 0;
			defaultConfigurationName = Release;
		};
		84417D8A2089F4A400BB3513 /* Build configuration list for PBXNativeTarget "kamakuraMapUITests" */ = {
			isa = XCConfigurationList;
			buildConfigurations = (
				84417D8B2089F4A400BB3513 /* Debug */,
				84417D8C2089F4A400BB3513 /* Release */,
			);
			defaultConfigurationIsVisible = 0;
			defaultConfigurationName = Release;
		};
/* End XCConfigurationList section */
	};
	rootObject = 84417D542089F4A100BB3513 /* Project object */;
}
